{
  "name": "net-peer",
  "lockfileVersion": 2,
  "requires": true,
  "packages": {
    "": {
      "dependencies": {
        "net-peer": "^2.2.0"
      }
    },
    "node_modules/net-peer": {
      "version": "2.2.0",
      "resolved": "https://registry.npmjs.org/net-peer/-/net-peer-2.2.0.tgz",
      "integrity": "sha512-5R/DmjQJVBeN5j0o0MXJOWesQFGg8ZYhQtNjfsBM9LTgCtp1BOWJvfSfRC0oCtkOnWWRb5Ihm9Vk7uLgBMSfUQ=="
    }
  },
  "dependencies": {
    "net-peer": {
      "version": "2.2.0",
      "resolved": "https://registry.npmjs.org/net-peer/-/net-peer-2.2.0.tgz",
      "integrity": "sha512-5R/DmjQJVBeN5j0o0MXJOWesQFGg8ZYhQtNjfsBM9LTgCtp1BOWJvfSfRC0oCtkOnWWRb5Ihm9Vk7uLgBMSfUQ=="
    }
  }
}
